
Microsoft Visual Studio Solution File, Format Version 12.00
# Visual Studio 15
VisualStudioVersion = 15.0.28307.1340
MinimumVisualStudioVersion = 10.0.40219.1
Project("{FAE04EC0-301F-11D3-BF4B-00C04F79EFBC}") = "MrSender", "MrSender\MrSender.csproj", "{77AB9061-04C0-4FF2-89C5-CDF7F33ED8BC}"
EndProject
Project("{FAE04EC0-301F-11D3-BF4B-00C04F79EFBC}") = "Shuffle", "Shuffle\Shuffle.csproj", "{94B42EED-0DF1-421F-9E75-AB79FF3593E4}"
EndProject
Project("{FAE04EC0-301F-11D3-BF4B-00C04F79EFBC}") = "TeleSend", "TeleSend\TeleSend.csproj", "{8FFBD32F-7D03-4D9B-AA9B-34CB6FD9F3F7}"
EndProject
Global
	GlobalSection(SolutionConfigurationPlatforms) = preSolution
		Debug|Any CPU = Debug|Any CPU
		Release|Any CPU = Release|Any CPU
	EndGlobalSection
	GlobalSection(ProjectConfigurationPlatforms) = postSolution
		{77AB9061-04C0-4FF2-89C5-CDF7F33ED8BC}.Debug|Any CPU.ActiveCfg = Debug|Any CPU
		{77AB9061-04C0-4FF2-89C5-CDF7F33ED8BC}.Debug|Any CPU.Build.0 = Debug|Any CPU
		{77AB9061-04C0-4FF2-89C5-CDF7F33ED8BC}.Release|Any CPU.ActiveCfg = Release|Any CPU
		{77AB9061-04C0-4FF2-89C5-CDF7F33ED8BC}.Release|Any CPU.Build.0 = Release|Any CPU
		{94B42EED-0DF1-421F-9E75-AB79FF3593E4}.Debug|Any CPU.ActiveCfg = Debug|Any CPU
		{94B42EED-0DF1-421F-9E75-AB79FF3593E4}.Debug|Any CPU.Build.0 = Debug|Any CPU
		{94B42EED-0DF1-421F-9E75-AB79FF3593E4}.Release|Any CPU.ActiveCfg = Release|Any CPU
		{94B42EED-0DF1-421F-9E75-AB79FF3593E4}.Release|Any CPU.Build.0 = Release|Any CPU
		{8FFBD32F-7D03-4D9B-AA9B-34CB6FD9F3F7}.Debug|Any CPU.ActiveCfg = Debug|Any CPU
		{8FFBD32F-7D03-4D9B-AA9B-34CB6FD9F3F7}.Debug|Any CPU.Build.0 = Debug|Any CPU
		{8FFBD32F-7D03-4D9B-AA9B-34CB6FD9F3F7}.Release|Any CPU.ActiveCfg = Release|Any CPU
		{8FFBD32F-7D03-4D9B-AA9B-34CB6FD9F3F7}.Release|Any CPU.Build.0 = Release|Any CPU
	EndGlobalSection
	GlobalSection(SolutionProperties) = preSolution
		HideSolutionNode = FALSE
	EndGlobalSection
	GlobalSection(ExtensibilityGlobals) = postSolution
		SolutionGuid = {507EF47F-3FD5-4126-89A7-76D55A158A45}
	EndGlobalSection
EndGlobal
